
Microsoft Visual Studio Solution File, Format Version 12.00
# Visual Studio Version 16
VisualStudioVersion = 16.0.30011.22
MinimumVisualStudioVersion = 10.0.40219.1
Project("{FAE04EC0-301F-11D3-BF4B-00C04F79EFBC}") = "MarsRoverApp.UWP", "MarsRoverApp\MarsRoverApp.UWP\MarsRoverApp.UWP.csproj", "{3A0A2C1E-B9A0-40D6-B714-57AA28BE10EF}"
EndProject
Project("{FAE04EC0-301F-11D3-BF4B-00C04F79EFBC}") = "MarsRoverApp.Android", "MarsRoverApp\MarsRoverApp.Android\MarsRoverApp.Android.csproj", "{71E5DF1E-77AF-41EB-9ABB-B09896DB0B3B}"
EndProject
Project("{9A19103F-16F7-4668-BE54-9A1E7A4F7556}") = "MarsRoverApp", "MarsRoverApp\MarsRoverApp\MarsRoverApp.csproj", "{9F743E4E-22D1-4AE0-933E-801C46158D4D}"
EndProject
Project("{9A19103F-16F7-4668-BE54-9A1E7A4F7556}") = "MarsRoverApiModel", "MarsRoverApiModel\MarsRoverApiModel.csproj", "{D66C34C5-F562-4CEB-9DFA-E993A1FB1EC4}"
EndProject
Project("{FAE04EC0-301F-11D3-BF4B-00C04F79EFBC}") = "MarsRoverApi", "MarsRoverApi\MarsRoverApi.csproj", "{47842098-2C9E-4E8C-8337-F3D14223CFAE}"
EndProject
Project("{FAE04EC0-301F-11D3-BF4B-00C04F79EFBC}") = "MarsRoverApiTests", "MarsRoverApiTests\MarsRoverApiTests.csproj", "{D168A298-DBA5-476F-B8D5-E1D37CCCB0AD}"
EndProject
Global
	GlobalSection(SolutionConfigurationPlatforms) = preSolution
		Debug|Any CPU = Debug|Any CPU
		Debug|ARM = Debug|ARM
		Debug|iPhone = Debug|iPhone
		Debug|iPhoneSimulator = Debug|iPhoneSimulator
		Debug|x64 = Debug|x64
		Debug|x86 = Debug|x86
		Release|Any CPU = Release|Any CPU
		Release|ARM = Release|ARM
		Release|iPhone = Release|iPhone
		Release|iPhoneSimulator = Release|iPhoneSimulator
		Release|x64 = Release|x64
		Release|x86 = Release|x86
	EndGlobalSection
	GlobalSection(ProjectConfigurationPlatforms) = postSolution
		{3A0A2C1E-B9A0-40D6-B714-57AA28BE10EF}.Debug|Any CPU.ActiveCfg = Debug|x86
		{3A0A2C1E-B9A0-40D6-B714-57AA28BE10EF}.Debug|ARM.ActiveCfg = Debug|ARM
		{3A0A2C1E-B9A0-40D6-B714-57AA28BE10EF}.Debug|ARM.Build.0 = Debug|ARM
		{3A0A2C1E-B9A0-40D6-B714-57AA28BE10EF}.Debug|ARM.Deploy.0 = Debug|ARM
		{3A0A2C1E-B9A0-40D6-B714-57AA28BE10EF}.Debug|iPhone.ActiveCfg = Debug|x86
		{3A0A2C1E-B9A0-40D6-B714-57AA28BE10EF}.Debug|iPhoneSimulator.ActiveCfg = Debug|x86
		{3A0A2C1E-B9A0-40D6-B714-57AA28BE10EF}.Debug|x64.ActiveCfg = Debug|x64
		{3A0A2C1E-B9A0-40D6-B714-57AA28BE10EF}.Debug|x64.Build.0 = Debug|x64
		{3A0A2C1E-B9A0-40D6-B714-57AA28BE10EF}.Debug|x64.Deploy.0 = Debug|x64
		{3A0A2C1E-B9A0-40D6-B714-57AA28BE10EF}.Debug|x86.ActiveCfg = Debug|x86
		{3A0A2C1E-B9A0-40D6-B714-57AA28BE10EF}.Debug|x86.Build.0 = Debug|x86
		{3A0A2C1E-B9A0-40D6-B714-57AA28BE10EF}.Debug|x86.Deploy.0 = Debug|x86
		{3A0A2C1E-B9A0-40D6-B714-57AA28BE10EF}.Release|Any CPU.ActiveCfg = Release|x86
		{3A0A2C1E-B9A0-40D6-B714-57AA28BE10EF}.Release|ARM.ActiveCfg = Release|ARM
		{3A0A2C1E-B9A0-40D6-B714-57AA28BE10EF}.Release|ARM.Build.0 = Release|ARM
		{3A0A2C1E-B9A0-40D6-B714-57AA28BE10EF}.Release|ARM.Deploy.0 = Release|ARM
		{3A0A2C1E-B9A0-40D6-B714-57AA28BE10EF}.Release|iPhone.ActiveCfg = Release|x86
		{3A0A2C1E-B9A0-40D6-B714-57AA28BE10EF}.Release|iPhoneSimulator.ActiveCfg = Release|x86
		{3A0A2C1E-B9A0-40D6-B714-57AA28BE10EF}.Release|x64.ActiveCfg = Release|x64
		{3A0A2C1E-B9A0-40D6-B714-57AA28BE10EF}.Release|x64.Build.0 = Release|x64
		{3A0A2C1E-B9A0-40D6-B714-57AA28BE10EF}.Release|x64.Deploy.0 = Release|x64
		{3A0A2C1E-B9A0-40D6-B714-57AA28BE10EF}.Release|x86.ActiveCfg = Release|x86
		{3A0A2C1E-B9A0-40D6-B714-57AA28BE10EF}.Release|x86.Build.0 = Release|x86
		{3A0A2C1E-B9A0-40D6-B714-57AA28BE10EF}.Release|x86.Deploy.0 = Release|x86
		{71E5DF1E-77AF-41EB-9ABB-B09896DB0B3B}.Debug|Any CPU.ActiveCfg = Debug|Any CPU
		{71E5DF1E-77AF-41EB-9ABB-B09896DB0B3B}.Debug|Any CPU.Build.0 = Debug|Any CPU
		{71E5DF1E-77AF-41EB-9ABB-B09896DB0B3B}.Debug|Any CPU.Deploy.0 = Debug|Any CPU
		{71E5DF1E-77AF-41EB-9ABB-B09896DB0B3B}.Debug|ARM.ActiveCfg = Debug|Any CPU
		{71E5DF1E-77AF-41EB-9ABB-B09896DB0B3B}.Debug|ARM.Build.0 = Debug|Any CPU
		{71E5DF1E-77AF-41EB-9ABB-B09896DB0B3B}.Debug|ARM.Deploy.0 = Debug|Any CPU
		{71E5DF1E-77AF-41EB-9ABB-B09896DB0B3B}.Debug|iPhone.ActiveCfg = Debug|Any CPU
		{71E5DF1E-77AF-41EB-9ABB-B09896DB0B3B}.Debug|iPhone.Build.0 = Debug|Any CPU
		{71E5DF1E-77AF-41EB-9ABB-B09896DB0B3B}.Debug|iPhone.Deploy.0 = Debug|Any CPU
		{71E5DF1E-77AF-41EB-9ABB-B09896DB0B3B}.Debug|iPhoneSimulator.ActiveCfg = Debug|Any CPU
		{71E5DF1E-77AF-41EB-9ABB-B09896DB0B3B}.Debug|iPhoneSimulator.Build.0 = Debug|Any CPU
		{71E5DF1E-77AF-41EB-9ABB-B09896DB0B3B}.Debug|iPhoneSimulator.Deploy.0 = Debug|Any CPU
		{71E5DF1E-77AF-41EB-9ABB-B09896DB0B3B}.Debug|x64.ActiveCfg = Debug|Any CPU
		{71E5DF1E-77AF-41EB-9ABB-B09896DB0B3B}.Debug|x64.Build.0 = Debug|Any CPU
		{71E5DF1E-77AF-41EB-9ABB-B09896DB0B3B}.Debug|x64.Deploy.0 = Debug|Any CPU
		{71E5DF1E-77AF-41EB-9ABB-B09896DB0B3B}.Debug|x86.ActiveCfg = Debug|Any CPU
		{71E5DF1E-77AF-41EB-9ABB-B09896DB0B3B}.Debug|x86.Build.0 = Debug|Any CPU
		{71E5DF1E-77AF-41EB-9ABB-B09896DB0B3B}.Debug|x86.Deploy.0 = Debug|Any CPU
		{71E5DF1E-77AF-41EB-9ABB-B09896DB0B3B}.Release|Any CPU.ActiveCfg = Release|Any CPU
		{71E5DF1E-77AF-41EB-9ABB-B09896DB0B3B}.Release|Any CPU.Build.0 = Release|Any CPU
		{71E5DF1E-77AF-41EB-9ABB-B09896DB0B3B}.Release|Any CPU.Deploy.0 = Release|Any CPU
		{71E5DF1E-77AF-41EB-9ABB-B09896DB0B3B}.Release|ARM.ActiveCfg = Release|Any CPU
		{71E5DF1E-77AF-41EB-9ABB-B09896DB0B3B}.Release|ARM.Build.0 = Release|Any CPU
		{71E5DF1E-77AF-41EB-9ABB-B09896DB0B3B}.Release|ARM.Deploy.0 = Release|Any CPU
		{71E5DF1E-77AF-41EB-9ABB-B09896DB0B3B}.Release|iPhone.ActiveCfg = Release|Any CPU
		{71E5DF1E-77AF-41EB-9ABB-B09896DB0B3B}.Release|iPhone.Build.0 = Release|Any CPU
		{71E5DF1E-77AF-41EB-9ABB-B09896DB0B3B}.Release|iPhone.Deploy.0 = Release|Any CPU
		{71E5DF1E-77AF-41EB-9ABB-B09896DB0B3B}.Release|iPhoneSimulator.ActiveCfg = Release|Any CPU
		{71E5DF1E-77AF-41EB-9ABB-B09896DB0B3B}.Release|iPhoneSimulator.Build.0 = Release|Any CPU
		{71E5DF1E-77AF-41EB-9ABB-B09896DB0B3B}.Release|iPhoneSimulator.Deploy.0 = Release|Any CPU
		{71E5DF1E-77AF-41EB-9ABB-B09896DB0B3B}.Release|x64.ActiveCfg = Release|Any CPU
		{71E5DF1E-77AF-41EB-9ABB-B09896DB0B3B}.Release|x64.Build.0 = Release|Any CPU
		{71E5DF1E-77AF-41EB-9ABB-B09896DB0B3B}.Release|x64.Deploy.0 = Release|Any CPU
		{71E5DF1E-77AF-41EB-9ABB-B09896DB0B3B}.Release|x86.ActiveCfg = Release|Any CPU
		{71E5DF1E-77AF-41EB-9ABB-B09896DB0B3B}.Release|x86.Build.0 = Release|Any CPU
		{71E5DF1E-77AF-41EB-9ABB-B09896DB0B3B}.Release|x86.Deploy.0 = Release|Any CPU
		{9F743E4E-22D1-4AE0-933E-801C46158D4D}.Debug|Any CPU.ActiveCfg = Debug|Any CPU
		{9F743E4E-22D1-4AE0-933E-801C46158D4D}.Debug|Any CPU.Build.0 = Debug|Any CPU
		{9F743E4E-22D1-4AE0-933E-801C46158D4D}.Debug|ARM.ActiveCfg = Debug|Any CPU
		{9F743E4E-22D1-4AE0-933E-801C46158D4D}.Debug|ARM.Build.0 = Debug|Any CPU
		{9F743E4E-22D1-4AE0-933E-801C46158D4D}.Debug|iPhone.ActiveCfg = Debug|Any CPU
		{9F743E4E-22D1-4AE0-933E-801C46158D4D}.Debug|iPhone.Build.0 = Debug|Any CPU
		{9F743E4E-22D1-4AE0-933E-801C46158D4D}.Debug|iPhoneSimulator.ActiveCfg = Debug|Any CPU
		{9F743E4E-22D1-4AE0-933E-801C46158D4D}.Debug|iPhoneSimulator.Build.0 = Debug|Any CPU
		{9F743E4E-22D1-4AE0-933E-801C46158D4D}.Debug|x64.ActiveCfg = Debug|Any CPU
		{9F743E4E-22D1-4AE0-933E-801C46158D4D}.Debug|x64.Build.0 = Debug|Any CPU
		{9F743E4E-22D1-4AE0-933E-801C46158D4D}.Debug|x86.ActiveCfg = Debug|Any CPU
		{9F743E4E-22D1-4AE0-933E-801C46158D4D}.Debug|x86.Build.0 = Debug|Any CPU
		{9F743E4E-22D1-4AE0-933E-801C46158D4D}.Release|Any CPU.ActiveCfg = Release|Any CPU
		{9F743E4E-22D1-4AE0-933E-801C46158D4D}.Release|Any CPU.Build.0 = Release|Any CPU
		{9F743E4E-22D1-4AE0-933E-801C46158D4D}.Release|ARM.ActiveCfg = Release|Any CPU
		{9F743E4E-22D1-4AE0-933E-801C46158D4D}.Release|ARM.Build.0 = Release|Any CPU
		{9F743E4E-22D1-4AE0-933E-801C46158D4D}.Release|iPhone.ActiveCfg = Release|Any CPU
		{9F743E4E-22D1-4AE0-933E-801C46158D4D}.Release|iPhone.Build.0 = Release|Any CPU
		{9F743E4E-22D1-4AE0-933E-801C46158D4D}.Release|iPhoneSimulator.ActiveCfg = Release|Any CPU
		{9F743E4E-22D1-4AE0-933E-801C46158D4D}.Release|iPhoneSimulator.Build.0 = Release|Any CPU
		{9F743E4E-22D1-4AE0-933E-801C46158D4D}.Release|x64.ActiveCfg = Release|Any CPU
		{9F743E4E-22D1-4AE0-933E-801C46158D4D}.Release|x64.Build.0 = Release|Any CPU
		{9F743E4E-22D1-4AE0-933E-801C46158D4D}.Release|x86.ActiveCfg = Release|Any CPU
		{9F743E4E-22D1-4AE0-933E-801C46158D4D}.Release|x86.Build.0 = Release|Any CPU
		{D66C34C5-F562-4CEB-9DFA-E993A1FB1EC4}.Debug|Any CPU.ActiveCfg = Debug|Any CPU
		{D66C34C5-F562-4CEB-9DFA-E993A1FB1EC4}.Debug|Any CPU.Build.0 = Debug|Any CPU
		{D66C34C5-F562-4CEB-9DFA-E993A1FB1EC4}.Debug|ARM.ActiveCfg = Debug|Any CPU
		{D66C34C5-F562-4CEB-9DFA-E993A1FB1EC4}.Debug|ARM.Build.0 = Debug|Any CPU
		{D66C34C5-F562-4CEB-9DFA-E993A1FB1EC4}.Debug|iPhone.ActiveCfg = Debug|Any CPU
		{D66C34C5-F562-4CEB-9DFA-E993A1FB1EC4}.Debug|iPhone.Build.0 = Debug|Any CPU
		{D66C34C5-F562-4CEB-9DFA-E993A1FB1EC4}.Debug|iPhoneSimulator.ActiveCfg = Debug|Any CPU
		{D66C34C5-F562-4CEB-9DFA-E993A1FB1EC4}.Debug|iPhoneSimulator.Build.0 = Debug|Any CPU
		{D66C34C5-F562-4CEB-9DFA-E993A1FB1EC4}.Debug|x64.ActiveCfg = Debug|Any CPU
		{D66C34C5-F562-4CEB-9DFA-E993A1FB1EC4}.Debug|x64.Build.0 = Debug|Any CPU
		{D66C34C5-F562-4CEB-9DFA-E993A1FB1EC4}.Debug|x86.ActiveCfg = Debug|Any CPU
		{D66C34C5-F562-4CEB-9DFA-E993A1FB1EC4}.Debug|x86.Build.0 = Debug|Any CPU
		{D66C34C5-F562-4CEB-9DFA-E993A1FB1EC4}.Release|Any CPU.ActiveCfg = Release|Any CPU
		{D66C34C5-F562-4CEB-9DFA-E993A1FB1EC4}.Release|Any CPU.Build.0 = Release|Any CPU
		{D66C34C5-F562-4CEB-9DFA-E993A1FB1EC4}.Release|ARM.ActiveCfg = Release|Any CPU
		{D66C34C5-F562-4CEB-9DFA-E993A1FB1EC4}.Release|ARM.Build.0 = Release|Any CPU
		{D66C34C5-F562-4CEB-9DFA-E993A1FB1EC4}.Release|iPhone.ActiveCfg = Release|Any CPU
		{D66C34C5-F562-4CEB-9DFA-E993A1FB1EC4}.Release|iPhone.Build.0 = Release|Any CPU
		{D66C34C5-F562-4CEB-9DFA-E993A1FB1EC4}.Release|iPhoneSimulator.ActiveCfg = Release|Any CPU
		{D66C34C5-F562-4CEB-9DFA-E993A1FB1EC4}.Release|iPhoneSimulator.Build.0 = Release|Any CPU
		{D66C34C5-F562-4CEB-9DFA-E993A1FB1EC4}.Release|x64.ActiveCfg = Release|Any CPU
		{D66C34C5-F562-4CEB-9DFA-E993A1FB1EC4}.Release|x64.Build.0 = Release|Any CPU
		{D66C34C5-F562-4CEB-9DFA-E993A1FB1EC4}.Release|x86.ActiveCfg = Release|Any CPU
		{D66C34C5-F562-4CEB-9DFA-E993A1FB1EC4}.Release|x86.Build.0 = Release|Any CPU
		{47842098-2C9E-4E8C-8337-F3D14223CFAE}.Debug|Any CPU.ActiveCfg = Debug|Any CPU
		{47842098-2C9E-4E8C-8337-F3D14223CFAE}.Debug|Any CPU.Build.0 = Debug|Any CPU
		{47842098-2C9E-4E8C-8337-F3D14223CFAE}.Debug|ARM.ActiveCfg = Debug|Any CPU
		{47842098-2C9E-4E8C-8337-F3D14223CFAE}.Debug|ARM.Build.0 = Debug|Any CPU
		{47842098-2C9E-4E8C-8337-F3D14223CFAE}.Debug|iPhone.ActiveCfg = Debug|Any CPU
		{47842098-2C9E-4E8C-8337-F3D14223CFAE}.Debug|iPhone.Build.0 = Debug|Any CPU
		{47842098-2C9E-4E8C-8337-F3D14223CFAE}.Debug|iPhoneSimulator.ActiveCfg = Debug|Any CPU
		{47842098-2C9E-4E8C-8337-F3D14223CFAE}.Debug|iPhoneSimulator.Build.0 = Debug|Any CPU
		{47842098-2C9E-4E8C-8337-F3D14223CFAE}.Debug|x64.ActiveCfg = Debug|Any CPU
		{47842098-2C9E-4E8C-8337-F3D14223CFAE}.Debug|x64.Build.0 = Debug|Any CPU
		{47842098-2C9E-4E8C-8337-F3D14223CFAE}.Debug|x86.ActiveCfg = Debug|Any CPU
		{47842098-2C9E-4E8C-8337-F3D14223CFAE}.Debug|x86.Build.0 = Debug|Any CPU
		{47842098-2C9E-4E8C-8337-F3D14223CFAE}.Release|Any CPU.ActiveCfg = Release|Any CPU
		{47842098-2C9E-4E8C-8337-F3D14223CFAE}.Release|Any CPU.Build.0 = Release|Any CPU
		{47842098-2C9E-4E8C-8337-F3D14223CFAE}.Release|ARM.ActiveCfg = Release|Any CPU
		{47842098-2C9E-4E8C-8337-F3D14223CFAE}.Release|ARM.Build.0 = Release|Any CPU
		{47842098-2C9E-4E8C-8337-F3D14223CFAE}.Release|iPhone.ActiveCfg = Release|Any CPU
		{47842098-2C9E-4E8C-8337-F3D14223CFAE}.Release|iPhone.Build.0 = Release|Any CPU
		{47842098-2C9E-4E8C-8337-F3D14223CFAE}.Release|iPhoneSimulator.ActiveCfg = Release|Any CPU
		{47842098-2C9E-4E8C-8337-F3D14223CFAE}.Release|iPhoneSimulator.Build.0 = Release|Any CPU
		{47842098-2C9E-4E8C-8337-F3D14223CFAE}.Release|x64.ActiveCfg = Release|Any CPU
		{47842098-2C9E-4E8C-8337-F3D14223CFAE}.Release|x64.Build.0 = Release|Any CPU
		{47842098-2C9E-4E8C-8337-F3D14223CFAE}.Release|x86.ActiveCfg = Release|Any CPU
		{47842098-2C9E-4E8C-8337-F3D14223CFAE}.Release|x86.Build.0 = Release|Any CPU
		{D168A298-DBA5-476F-B8D5-E1D37CCCB0AD}.Debug|Any CPU.ActiveCfg = Debug|Any CPU
		{D168A298-DBA5-476F-B8D5-E1D37CCCB0AD}.Debug|Any CPU.Build.0 = Debug|Any CPU
		{D168A298-DBA5-476F-B8D5-E1D37CCCB0AD}.Debug|ARM.ActiveCfg = Debug|Any CPU
		{D168A298-DBA5-476F-B8D5-E1D37CCCB0AD}.Debug|ARM.Build.0 = Debug|Any CPU
		{D168A298-DBA5-476F-B8D5-E1D37CCCB0AD}.Debug|iPhone.ActiveCfg = Debug|Any CPU
		{D168A298-DBA5-476F-B8D5-E1D37CCCB0AD}.Debug|iPhone.Build.0 = Debug|Any CPU
		{D168A298-DBA5-476F-B8D5-E1D37CCCB0AD}.Debug|iPhoneSimulator.ActiveCfg = Debug|Any CPU
		{D168A298-DBA5-476F-B8D5-E1D37CCCB0AD}.Debug|iPhoneSimulator.Build.0 = Debug|Any CPU
		{D168A298-DBA5-476F-B8D5-E1D37CCCB0AD}.Debug|x64.ActiveCfg = Debug|Any CPU
		{D168A298-DBA5-476F-B8D5-E1D37CCCB0AD}.Debug|x64.Build.0 = Debug|Any CPU
		{D168A298-DBA5-476F-B8D5-E1D37CCCB0AD}.Debug|x86.ActiveCfg = Debug|Any CPU
		{D168A298-DBA5-476F-B8D5-E1D37CCCB0AD}.Debug|x86.Build.0 = Debug|Any CPU
		{D168A298-DBA5-476F-B8D5-E1D37CCCB0AD}.Release|Any CPU.ActiveCfg = Release|Any CPU
		{D168A298-DBA5-476F-B8D5-E1D37CCCB0AD}.Release|Any CPU.Build.0 = Release|Any CPU
		{D168A298-DBA5-476F-B8D5-E1D37CCCB0AD}.Release|ARM.ActiveCfg = Release|Any CPU
		{D168A298-DBA5-476F-B8D5-E1D37CCCB0AD}.Release|ARM.Build.0 = Release|Any CPU
		{D168A298-DBA5-476F-B8D5-E1D37CCCB0AD}.Release|iPhone.ActiveCfg = Release|Any CPU
		{D168A298-DBA5-476F-B8D5-E1D37CCCB0AD}.Release|iPhone.Build.0 = Release|Any CPU
		{D168A298-DBA5-476F-B8D5-E1D37CCCB0AD}.Release|iPhoneSimulator.ActiveCfg = Release|Any CPU
		{D168A298-DBA5-476F-B8D5-E1D37CCCB0AD}.Release|iPhoneSimulator.Build.0 = Release|Any CPU
		{D168A298-DBA5-476F-B8D5-E1D37CCCB0AD}.Release|x64.ActiveCfg = Release|Any CPU
		{D168A298-DBA5-476F-B8D5-E1D37CCCB0AD}.Release|x64.Build.0 = Release|Any CPU
		{D168A298-DBA5-476F-B8D5-E1D37CCCB0AD}.Release|x86.ActiveCfg = Release|Any CPU
		{D168A298-DBA5-476F-B8D5-E1D37CCCB0AD}.Release|x86.Build.0 = Release|Any CPU
	EndGlobalSection
	GlobalSection(SolutionProperties) = preSolution
		HideSolutionNode = FALSE
	EndGlobalSection
	GlobalSection(ExtensibilityGlobals) = postSolution
		SolutionGuid = {4210B3C9-671B-4CC2-A36F-00FFB51211FE}
	EndGlobalSection
EndGlobal
